{
    "_readme": [
        "This file locks the dependencies of your project to a known state",
        "Read more about it at https://getcomposer.org/doc/01-basic-usage.md#installing-dependencies",
        "This file is @generated automatically"
    ],
    "content-hash": "faaf3a85682cba4674a8278bbda02581",
    "packages": [
        {
            "name": "hamcrest/hamcrest-php",
            "version": "v2.1.1",
            "source": {
                "type": "git",
                "url": "https://github.com/hamcrest/hamcrest-php.git",
                "reference": "f8b1c0173b22fa6ec77a81fe63e5b01eba7e6487"
            },
            "dist": {
                "type": "zip",
                "url": "https://api.github.com/repos/hamcrest/hamcrest-php/zipball/f8b1c0173b22fa6ec77a81fe63e5b01eba7e6487",
                "reference": "f8b1c0173b22fa6ec77a81fe63e5b01eba7e6487",
                "shasum": ""
            },
            "require": {
                "php": "^7.4|^8.0"
            },
            "replace": {
                "cordoval/hamcrest-php": "*",
                "davedevelopment/hamcrest-php": "*",
                "kodova/hamcrest-php": "*"
            },
            "require-dev": {
                "phpunit/php-file-iterator": "^1.4 || ^2.0 || ^3.0",
                "phpunit/phpunit": "^4.8.36 || ^5.7 || ^6.5 || ^7.0 || ^8.0 || ^9.0"
            },
            "type": "library",
            "extra": {
                "branch-alias": {
                    "dev-master": "2.1-dev"
                }
            },
            "autoload": {
                "classmap": [
                    "hamcrest"
                ]
            },
            "notification-url": "https://packagist.org/downloads/",
            "license": [
                "BSD-3-Clause"
            ],
            "description": "This is the PHP port of Hamcrest Matchers",
            "keywords": [
                "test"
            ],
            "support": {
                "issues": "https://github.com/hamcrest/hamcrest-php/issues",
                "source": "https://github.com/hamcrest/hamcrest-php/tree/v2.1.1"
            },
            "time": "2025-04-30T06:54:44+00:00"
        },
        {
            "name": "mockery/mockery",
            "version": "1.6.12",
            "source": {
                "type": "git",
                "url": "https://github.com/mockery/mockery.git",
                "reference": "1f4efdd7d3beafe9807b08156dfcb176d18f1699"
            },
            "dist": {
                "type": "zip",
                "url": "https://api.github.com/repos/mockery/mockery/zipball/1f4efdd7d3beafe9807b08156dfcb176d18f1699",
                "reference": "1f4efdd7d3beafe9807b08156dfcb176d18f1699",
                "shasum": ""
            },
            "require": {
                "hamcrest/hamcrest-php": "^2.0.1",
                "lib-pcre": ">=7.0",
                "php": ">=7.3"
            },
            "conflict": {
                "phpunit/phpunit": "<8.0"
            },
            "require-dev": {
                "phpunit/phpunit": "^8.5 || ^9.6.17",
                "symplify/easy-coding-standard": "^12.1.14"
            },
            "type": "library",
            "autoload": {
                "files": [
                    "library/helpers.php",
                    "library/Mockery.php"
                ],
                "psr-4": {
                    "Mockery\\": "library/Mockery"
                }
            },
            "notification-url": "https://packagist.org/downloads/",
            "license": [
                "BSD-3-Clause"
            ],
            "authors": [
                {
                    "name": "Pádraic Brady",
                    "email": "padraic.brady@gmail.com",
                    "homepage": "https://github.com/padraic",
                    "role": "Author"
                },
                {
                    "name": "Dave Marshall",
                    "email": "dave.marshall@atstsolutions.co.uk",
                    "homepage": "https://davedevelopment.co.uk",
                    "role": "Developer"
                },
                {
                    "name": "Nathanael Esayeas",
                    "email": "nathanael.esayeas@protonmail.com",
                    "homepage": "https://github.com/ghostwriter",
                    "role": "Lead Developer"
                }
            ],
            "description": "Mockery is a simple yet flexible PHP mock object framework",
            "homepage": "https://github.com/mockery/mockery",
            "keywords": [
                "BDD",
                "TDD",
                "library",
                "mock",
                "mock objects",
                "mockery",
                "stub",
                "test",
                "test double",
                "testing"
            ],
            "support": {
                "docs": "https://docs.mockery.io/",
                "issues": "https://github.com/mockery/mockery/issues",
                "rss": "https://github.com/mockery/mockery/releases.atom",
                "security": "https://github.com/mockery/mockery/security/advisories",
                "source": "https://github.com/mockery/mockery"
            },
            "time": "2024-05-16T03:13:13+00:00"
        }
    ],
    "packages-dev": [],
    "aliases": [],
    "minimum-stability": "stable",
    "stability-flags": {},
    "prefer-stable": false,
    "prefer-lowest": false,
    "platform": {},
    "platform-dev": {},
    "plugin-api-version": "2.6.0"
}
